// !$*UTF8*$!
{
	archiveVersion = 1;
	classes = {
	};
	objectVersion = 56;
	objects = {

/* Begin PBXBuildFile section */
		D1E152322BBA44F100795B7B /* AppDelegate.swift in Sources */ = {isa = PBXBuildFile; fileRef = D1E152312BBA44F100795B7B /* AppDelegate.swift */; };
		D1E152342BBA44F100795B7B /* SceneDelegate.swift in Sources */ = {isa = PBXBuildFile; fileRef = D1E152332BBA44F100795B7B /* SceneDelegate.swift */; };
		D1E152362BBA44F100795B7B /* ViewController.swift in Sources */ = {isa = PBXBuildFile; fileRef = D1E152352BBA44F100795B7B /* ViewController.swift */; };
		D1E152392BBA44F100795B7B /* Main.storyboard in Resources */ = {isa = PBXBuildFile; fileRef = D1E152372BBA44F100795B7B /* Main.storyboard */; };
		D1E1523B2BBA44F200795B7B /* Assets.xcassets in Resources */ = {isa = PBXBuildFile; fileRef = D1E1523A2BBA44F200795B7B /* Assets.xcassets */; };
		D1E1523E2BBA44F200795B7B /* LaunchScreen.storyboard in Resources */ = {isa = PBXBuildFile; fileRef = D1E1523C2BBA44F200795B7B /* LaunchScreen.storyboard */; };
		D1E152492BBA44F200795B7B /* RHMediaSelectionViewTests.swift in Sources */ = {isa = PBXBuildFile; fileRef = D1E152482BBA44F200795B7B /* RHMediaSelectionViewTests.swift */; };
		D1E152532BBA44F200795B7B /* RHMediaSelectionViewUITests.swift in Sources */ = {isa = PBXBuildFile; fileRef = D1E152522BBA44F200795B7B /* RHMediaSelectionViewUITests.swift */; };
		D1E152552BBA44F200795B7B /* RHMediaSelectionViewUITestsLaunchTests.swift in Sources */ = {isa = PBXBuildFile; fileRef = D1E152542BBA44F200795B7B /* RHMediaSelectionViewUITestsLaunchTests.swift */; };
/* End PBXBuildFile section */

/* Begin PBXContainerItemProxy section */
		D1E152452BBA44F200795B7B /* PBXContainerItemProxy */ = {
			isa = PBXContainerItemProxy;
			containerPortal = D1E152262BBA44F100795B7B /* Project object */;
			proxyType = 1;
			remoteGlobalIDString = D1E1522D2BBA44F100795B7B;
			remoteInfo = RHMediaSelectionView;
		};
		D1E1524F2BBA44F200795B7B /* PBXContainerItemProxy */ = {
			isa = PBXContainerItemProxy;
			containerPortal = D1E152262BBA44F100795B7B /* Project object */;
			proxyType = 1;
			remoteGlobalIDString = D1E1522D2BBA44F100795B7B;
			remoteInfo = RHMediaSelectionView;
		};
/* End PBXContainerItemProxy section */

/* Begin PBXFileReference section */
		D1E1522E2BBA44F100795B7B /* RHMediaSelectionView.app */ = {isa = PBXFileReference; explicitFileType = wrapper.application; includeInIndex = 0; path = RHMediaSelectionView.app; sourceTree = BUILT_PRODUCTS_DIR; };
		D1E152312BBA44F100795B7B /* AppDelegate.swift */ = {isa = PBXFileReference; lastKnownFileType = sourcecode.swift; path = AppDelegate.swift; sourceTree = "<group>"; };
		D1E152332BBA44F100795B7B /* SceneDelegate.swift */ = {isa = PBXFileReference; lastKnownFileType = sourcecode.swift; path = SceneDelegate.swift; sourceTree = "<group>"; };
		D1E152352BBA44F100795B7B /* ViewController.swift */ = {isa = PBXFileReference; lastKnownFileType = sourcecode.swift; path = ViewController.swift; sourceTree = "<group>"; };
		D1E152382BBA44F100795B7B /* Base */ = {isa = PBXFileReference; lastKnownFileType = file.storyboard; name = Base; path = Base.lproj/Main.storyboard; sourceTree = "<group>"; };
		D1E1523A2BBA44F200795B7B /* Assets.xcassets */ = {isa = PBXFileReference; lastKnownFileType = folder.assetcatalog; path = Assets.xcassets; sourceTree = "<group>"; };
		D1E1523D2BBA44F200795B7B /* Base */ = {isa = PBXFileReference; lastKnownFileType = file.storyboard; name = Base; path = Base.lproj/LaunchScreen.storyboard; sourceTree = "<group>"; };
		D1E1523F2BBA44F200795B7B /* Info.plist */ = {isa = PBXFileReference; lastKnownFileType = text.plist.xml; path = Info.plist; sourceTree = "<group>"; };
		D1E152442BBA44F200795B7B /* RHMediaSelectionViewTests.xctest */ = {isa = PBXFileReference; explicitFileType = wrapper.cfbundle; includeInIndex = 0; path = RHMediaSelectionViewTests.xctest; sourceTree = BUILT_PRODUCTS_DIR; };
		D1E152482BBA44F200795B7B /* RHMediaSelectionViewTests.swift */ = {isa = PBXFileReference; lastKnownFileType = sourcecode.swift; path = RHMediaSelectionViewTests.swift; sourceTree = "<group>"; };
		D1E1524E2BBA44F200795B7B /* RHMediaSelectionViewUITests.xctest */ = {isa = PBXFileReference; explicitFileType = wrapper.cfbundle; includeInIndex = 0; path = RHMediaSelectionViewUITests.xctest; sourceTree = BUILT_PRODUCTS_DIR; };
		D1E152522BBA44F200795B7B /* RHMediaSelectionViewUITests.swift */ = {isa = PBXFileReference; lastKnownFileType = sourcecode.swift; path = RHMediaSelectionViewUITests.swift; sourceTree = "<group>"; };
		D1E152542BBA44F200795B7B /* RHMediaSelectionViewUITestsLaunchTests.swift */ = {isa = PBXFileReference; lastKnownFileType = sourcecode.swift; path = RHMediaSelectionViewUITestsLaunchTests.swift; sourceTree = "<group>"; };
/* End PBXFileReference section */

/* Begin PBXFrameworksBuildPhase section */
		D1E1522B2BBA44F100795B7B /* Frameworks */ = {
			isa = PBXFrameworksBuildPhase;
			buildActionMask = 2147483647;
			files = (
			);
			runOnlyForDeploymentPostprocessing = 0;
		};
		D1E152412BBA44F200795B7B /* Frameworks */ = {
			isa = PBXFrameworksBuildPhase;
			buildActionMask = 2147483647;
			files = (
			);
			runOnlyForDeploymentPostprocessing = 0;
		};
		D1E1524B2BBA44F200795B7B /* Frameworks */ = {
			isa = PBXFrameworksBuildPhase;
			buildActionMask = 2147483647;
			files = (
			);
			runOnlyForDeploymentPostprocessing = 0;
		};
/* End PBXFrameworksBuildPhase section */

/* Begin PBXGroup section */
		D1E152252BBA44F100795B7B = {
			isa = PBXGroup;
			children = (
				D1E152302BBA44F100795B7B /* RHMediaSelectionView */,
				D1E152472BBA44F200795B7B /* RHMediaSelectionViewTests */,
				D1E152512BBA44F200795B7B /* RHMediaSelectionViewUITests */,
				D1E1522F2BBA44F100795B7B /* Products */,
			);
			sourceTree = "<group>";
		};
		D1E1522F2BBA44F100795B7B /* Products */ = {
			isa = PBXGroup;
			children = (
				D1E1522E2BBA44F100795B7B /* RHMediaSelectionView.app */,
				D1E152442BBA44F200795B7B /* RHMediaSelectionViewTests.xctest */,
				D1E1524E2BBA44F200795B7B /* RHMediaSelectionViewUITests.xctest */,
			);
			name = Products;
			sourceTree = "<group>";
		};
		D1E152302BBA44F100795B7B /* RHMediaSelectionView */ = {
			isa = PBXGroup;
			children = (
				D1E152312BBA44F100795B7B /* AppDelegate.swift */,
				D1E152332BBA44F100795B7B /* SceneDelegate.swift */,
				D1E152352BBA44F100795B7B /* ViewController.swift */,
				D1E152372BBA44F100795B7B /* Main.storyboard */,
				D1E1523A2BBA44F200795B7B /* Assets.xcassets */,
				D1E1523C2BBA44F200795B7B /* LaunchScreen.storyboard */,
				D1E1523F2BBA44F200795B7B /* Info.plist */,
			);
			path = RHMediaSelectionView;
			sourceTree = "<group>";
		};
		D1E152472BBA44F200795B7B /* RHMediaSelectionViewTests */ = {
			isa = PBXGroup;
			children = (
				D1E152482BBA44F200795B7B /* RHMediaSelectionViewTests.swift */,
			);
			path = RHMediaSelectionViewTests;
			sourceTree = "<group>";
		};
		D1E152512BBA44F200795B7B /* RHMediaSelectionViewUITests */ = {
			isa = PBXGroup;
			children = (
				D1E152522BBA44F200795B7B /* RHMediaSelectionViewUITests.swift */,
				D1E152542BBA44F200795B7B /* RHMediaSelectionViewUITestsLaunchTests.swift */,
			);
			path = RHMediaSelectionViewUITests;
			sourceTree = "<group>";
		};
/* End PBXGroup section */

/* Begin PBXNativeTarget section */
		D1E1522D2BBA44F100795B7B /* RHMediaSelectionView */ = {
			isa = PBXNativeTarget;
			buildConfigurationList = D1E152582BBA44F200795B7B /* Build configuration list for PBXNativeTarget "RHMediaSelectionView" */;
			buildPhases = (
				D1E1522A2BBA44F100795B7B /* Sources */,
				D1E1522B2BBA44F100795B7B /* Frameworks */,
				D1E1522C2BBA44F100795B7B /* Resources */,
			);
			buildRules = (
			);
			dependencies = (
			);
			name = RHMediaSelectionView;
			productName = RHMediaSelectionView;
			productReference = D1E1522E2BBA44F100795B7B /* RHMediaSelectionView.app */;
			productType = "com.apple.product-type.application";
		};
		D1E152432BBA44F200795B7B /* RHMediaSelectionViewTests */ = {
			isa = PBXNativeTarget;
			buildConfigurationList = D1E1525B2BBA44F200795B7B /* Build configuration list for PBXNativeTarget "RHMediaSelectionViewTests" */;
			buildPhases = (
				D1E152402BBA44F200795B7B /* Sources */,
				D1E152412BBA44F200795B7B /* Frameworks */,
				D1E152422BBA44F200795B7B /* Resources */,
			);
			buildRules = (
			);
			dependencies = (
				D1E152462BBA44F200795B7B /* PBXTargetDependency */,
			);
			name = RHMediaSelectionViewTests;
			productName = RHMediaSelectionViewTests;
			productReference = D1E152442BBA44F200795B7B /* RHMediaSelectionViewTests.xctest */;
			productType = "com.apple.product-type.bundle.unit-test";
		};
		D1E1524D2BBA44F200795B7B /* RHMediaSelectionViewUITests */ = {
			isa = PBXNativeTarget;
			buildConfigurationList = D1E1525E2BBA44F200795B7B /* Build configuration list for PBXNativeTarget "RHMediaSelectionViewUITests" */;
			buildPhases = (
				D1E1524A2BBA44F200795B7B /* Sources */,
				D1E1524B2BBA44F200795B7B /* Frameworks */,
				D1E1524C2BBA44F200795B7B /* Resources */,
			);
			buildRules = (
			);
			dependencies = (
				D1E152502BBA44F200795B7B /* PBXTargetDependency */,
			);
			name = RHMediaSelectionViewUITests;
			productName = RHMediaSelectionViewUITests;
			productReference = D1E1524E2BBA44F200795B7B /* RHMediaSelectionViewUITests.xctest */;
			productType = "com.apple.product-type.bundle.ui-testing";
		};
/* End PBXNativeTarget section */

/* Begin PBXProject section */
		D1E152262BBA44F100795B7B /* Project object */ = {
			isa = PBXProject;
			attributes = {
				BuildIndependentTargetsInParallel = 1;
				LastSwiftUpdateCheck = 1520;
				LastUpgradeCheck = 1520;
				TargetAttributes = {
					D1E1522D2BBA44F100795B7B = {
						CreatedOnToolsVersion = 15.2;
					};
					D1E152432BBA44F200795B7B = {
						CreatedOnToolsVersion = 15.2;
						TestTargetID = D1E1522D2BBA44F100795B7B;
					};
					D1E1524D2BBA44F200795B7B = {
						CreatedOnToolsVersion = 15.2;
						TestTargetID = D1E1522D2BBA44F100795B7B;
					};
				};
			};
			buildConfigurationList = D1E152292BBA44F100795B7B /* Build configuration list for PBXProject "RHMediaSelectionView" */;
			compatibilityVersion = "Xcode 14.0";
			developmentRegion = en;
			hasScannedForEncodings = 0;
			knownRegions = (
				en,
				Base,
			);
			mainGroup = D1E152252BBA44F100795B7B;
			productRefGroup = D1E1522F2BBA44F100795B7B /* Products */;
			projectDirPath = "";
			projectRoot = "";
			targets = (
				D1E1522D2BBA44F100795B7B /* RHMediaSelectionView */,
				D1E152432BBA44F200795B7B /* RHMediaSelectionViewTests */,
				D1E1524D2BBA44F200795B7B /* RHMediaSelectionViewUITests */,
			);
		};
/* End PBXProject section */

/* Begin PBXResourcesBuildPhase section */
		D1E1522C2BBA44F100795B7B /* Resources */ = {
			isa = PBXResourcesBuildPhase;
			buildActionMask = 2147483647;
			files = (
				D1E1523E2BBA44F200795B7B /* LaunchScreen.storyboard in Resources */,
				D1E1523B2BBA44F200795B7B /* Assets.xcassets in Resources */,
				D1E152392BBA44F100795B7B /* Main.storyboard in Resources */,
			);
			runOnlyForDeploymentPostprocessing = 0;
		};
		D1E152422BBA44F200795B7B /* Resources */ = {
			isa = PBXResourcesBuildPhase;
			buildActionMask = 2147483647;
			files = (
			);
			runOnlyForDeploymentPostprocessing = 0;
		};
		D1E1524C2BBA44F200795B7B /* Resources */ = {
			isa = PBXResourcesBuildPhase;
			buildActionMask = 2147483647;
			files = (
			);
			runOnlyForDeploymentPostprocessing = 0;
		};
/* End PBXResourcesBuildPhase section */

/* Begin PBXSourcesBuildPhase section */
		D1E1522A2BBA44F100795B7B /* Sources */ = {
			isa = PBXSourcesBuildPhase;
			buildActionMask = 2147483647;
			files = (
				D1E152362BBA44F100795B7B /* ViewController.swift in Sources */,
				D1E152322BBA44F100795B7B /* AppDelegate.swift in Sources */,
				D1E152342BBA44F100795B7B /* SceneDelegate.swift in Sources */,
			);
			runOnlyForDeploymentPostprocessing = 0;
		};
		D1E152402BBA44F200795B7B /* Sources */ = {
			isa = PBXSourcesBuildPhase;
			buildActionMask = 2147483647;
			files = (
				D1E152492BBA44F200795B7B /* RHMediaSelectionViewTests.swift in Sources */,
			);
			runOnlyForDeploymentPostprocessing = 0;
		};
		D1E1524A2BBA44F200795B7B /* Sources */ = {
			isa = PBXSourcesBuildPhase;
			buildActionMask = 2147483647;
			files = (
				D1E152532BBA44F200795B7B /* RHMediaSelectionViewUITests.swift in Sources */,
				D1E152552BBA44F200795B7B /* RHMediaSelectionViewUITestsLaunchTests.swift in Sources */,
			);
			runOnlyForDeploymentPostprocessing = 0;
		};
/* End PBXSourcesBuildPhase section */

/* Begin PBXTargetDependency section */
		D1E152462BBA44F200795B7B /* PBXTargetDependency */ = {
			isa = PBXTargetDependency;
			target = D1E1522D2BBA44F100795B7B /* RHMediaSelectionView */;
			targetProxy = D1E152452BBA44F200795B7B /* PBXContainerItemProxy */;
		};
		D1E152502BBA44F200795B7B /* PBXTargetDependency */ = {
			isa = PBXTargetDependency;
			target = D1E1522D2BBA44F100795B7B /* RHMediaSelectionView */;
			targetProxy = D1E1524F2BBA44F200795B7B /* PBXContainerItemProxy */;
		};
/* End PBXTargetDependency section */

/* Begin PBXVariantGroup section */
		D1E152372BBA44F100795B7B /* Main.storyboard */ = {
			isa = PBXVariantGroup;
			children = (
				D1E152382BBA44F100795B7B /* Base */,
			);
			name = Main.storyboard;
			sourceTree = "<group>";
		};
		D1E1523C2BBA44F200795B7B /* LaunchScreen.storyboard */ = {
			isa = PBXVariantGroup;
			children = (
				D1E1523D2BBA44F200795B7B /* Base */,
			);
			name = LaunchScreen.storyboard;
			sourceTree = "<group>";
		};
/* End PBXVariantGroup section */

/* Begin XCBuildConfiguration section */
		D1E152562BBA44F200795B7B /* Debug */ = {
			isa = XCBuildConfiguration;
			buildSettings = {
				ALWAYS_SEARCH_USER_PATHS = NO;
				ASSETCATALOG_COMPILER_GENERATE_SWIFT_ASSET_SYMBOL_EXTENSIONS = YES;
				CLANG_ANALYZER_NONNULL = YES;
				CLANG_ANALYZER_NUMBER_OBJECT_CONVERSION = YES_AGGRESSIVE;
				CLANG_CXX_LANGUAGE_STANDARD = "gnu++20";
				CLANG_ENABLE_MODULES = YES;
				CLANG_ENABLE_OBJC_ARC = YES;
				CLANG_ENABLE_OBJC_WEAK = YES;
				CLANG_WARN_BLOCK_CAPTURE_AUTORELEASING = YES;
				CLANG_WARN_BOOL_CONVERSION = YES;
				CLANG_WARN_COMMA = YES;
				CLANG_WARN_CONSTANT_CONVERSION = YES;
				CLANG_WARN_DEPRECATED_OBJC_IMPLEMENTATIONS = YES;
				CLANG_WARN_DIRECT_OBJC_ISA_USAGE = YES_ERROR;
				CLANG_WARN_DOCUMENTATION_COMMENTS = YES;
				CLANG_WARN_EMPTY_BODY = YES;
				CLANG_WARN_ENUM_CONVERSION = YES;
				CLANG_WARN_INFINITE_RECURSION = YES;
				CLANG_WARN_INT_CONVERSION = YES;
				CLANG_WARN_NON_LITERAL_NULL_CONVERSION = YES;
				CLANG_WARN_OBJC_IMPLICIT_RETAIN_SELF = YES;
				CLANG_WARN_OBJC_LITERAL_CONVERSION = YES;
				CLANG_WARN_OBJC_ROOT_CLASS = YES_ERROR;
				CLANG_WARN_QUOTED_INCLUDE_IN_FRAMEWORK_HEADER = YES;
				CLANG_WARN_RANGE_LOOP_ANALYSIS = YES;
				CLANG_WARN_STRICT_PROTOTYPES = YES;
				CLANG_WARN_SUSPICIOUS_MOVE = YES;
				CLANG_WARN_UNGUARDED_AVAILABILITY = YES_AGGRESSIVE;
				CLANG_WARN_UNREACHABLE_CODE = YES;
				CLANG_WARN__DUPLICATE_METHOD_MATCH = YES;
				COPY_PHASE_STRIP = NO;
				DEBUG_INFORMATION_FORMAT = dwarf;
				ENABLE_STRICT_OBJC_MSGSEND = YES;
				ENABLE_TESTABILITY = YES;
				ENABLE_USER_SCRIPT_SANDBOXING = YES;
				GCC_C_LANGUAGE_STANDARD = gnu17;
				GCC_DYNAMIC_NO_PIC = NO;
				GCC_NO_COMMON_BLOCKS = YES;
				GCC_OPTIMIZATION_LEVEL = 0;
				GCC_PREPROCESSOR_DEFINITIONS = (
					"DEBUG=1",
					"$(inherited)",
				);
				GCC_WARN_64_TO_32_BIT_CONVERSION = YES;
				GCC_WARN_ABOUT_RETURN_TYPE = YES_ERROR;
				GCC_WARN_UNDECLARED_SELECTOR = YES;
				GCC_WARN_UNINITIALIZED_AUTOS = YES_AGGRESSIVE;
				GCC_WARN_UNUSED_FUNCTION = YES;
				GCC_WARN_UNUSED_VARIABLE = YES;
				IPHONEOS_DEPLOYMENT_TARGET = 17.2;
				LOCALIZATION_PREFERS_STRING_CATALOGS = YES;
				MTL_ENABLE_DEBUG_INFO = INCLUDE_SOURCE;
				MTL_FAST_MATH = YES;
				ONLY_ACTIVE_ARCH = YES;
				SDKROOT = iphoneos;
				SWIFT_ACTIVE_COMPILATION_CONDITIONS = "DEBUG $(inherited)";
				SWIFT_OPTIMIZATION_LEVEL = "-Onone";
			};
			name = Debug;
		};
		D1E152572BBA44F200795B7B /* Release */ = {
			isa = XCBuildConfiguration;
			buildSettings = {
				ALWAYS_SEARCH_USER_PATHS = NO;
				ASSETCATALOG_COMPILER_GENERATE_SWIFT_ASSET_SYMBOL_EXTENSIONS = YES;
				CLANG_ANALYZER_NONNULL = YES;
				CLANG_ANALYZER_NUMBER_OBJECT_CONVERSION = YES_AGGRESSIVE;
				CLANG_CXX_LANGUAGE_STANDARD = "gnu++20";
				CLANG_ENABLE_MODULES = YES;
				CLANG_ENABLE_OBJC_ARC = YES;
				CLANG_ENABLE_OBJC_WEAK = YES;
				CLANG_WARN_BLOCK_CAPTURE_AUTORELEASING = YES;
				CLANG_WARN_BOOL_CONVERSION = YES;
				CLANG_WARN_COMMA = YES;
				CLANG_WARN_CONSTANT_CONVERSION = YES;
				CLANG_WARN_DEPRECATED_OBJC_IMPLEMENTATIONS = YES;
				CLANG_WARN_DIRECT_OBJC_ISA_USAGE = YES_ERROR;
				CLANG_WARN_DOCUMENTATION_COMMENTS = YES;
				CLANG_WARN_EMPTY_BODY = YES;
				CLANG_WARN_ENUM_CONVERSION = YES;
				CLANG_WARN_INFINITE_RECURSION = YES;
				CLANG_WARN_INT_CONVERSION = YES;
				CLANG_WARN_NON_LITERAL_NULL_CONVERSION = YES;
				CLANG_WARN_OBJC_IMPLICIT_RETAIN_SELF = YES;
				CLANG_WARN_OBJC_LITERAL_CONVERSION = YES;
				CLANG_WARN_OBJC_ROOT_CLASS = YES_ERROR;
				CLANG_WARN_QUOTED_INCLUDE_IN_FRAMEWORK_HEADER = YES;
				CLANG_WARN_RANGE_LOOP_ANALYSIS = YES;
				CLANG_WARN_STRICT_PROTOTYPES = YES;
				CLANG_WARN_SUSPICIOUS_MOVE = YES;
				CLANG_WARN_UNGUARDED_AVAILABILITY = YES_AGGRESSIVE;
				CLANG_WARN_UNREACHABLE_CODE = YES;
				CLANG_WARN__DUPLICATE_METHOD_MATCH = YES;
				COPY_PHASE_STRIP = NO;
				DEBUG_INFORMATION_FORMAT = "dwarf-with-dsym";
				ENABLE_NS_ASSERTIONS = NO;
				ENABLE_STRICT_OBJC_MSGSEND = YES;
				ENABLE_USER_SCRIPT_SANDBOXING = YES;
				GCC_C_LANGUAGE_STANDARD = gnu17;
				GCC_NO_COMMON_BLOCKS = YES;
				GCC_WARN_64_TO_32_BIT_CONVERSION = YES;
				GCC_WARN_ABOUT_RETURN_TYPE = YES_ERROR;
				GCC_WARN_UNDECLARED_SELECTOR = YES;
				GCC_WARN_UNINITIALIZED_AUTOS = YES_AGGRESSIVE;
				GCC_WARN_UNUSED_FUNCTION = YES;
				GCC_WARN_UNUSED_VARIABLE = YES;
				IPHONEOS_DEPLOYMENT_TARGET = 17.2;
				LOCALIZATION_PREFERS_STRING_CATALOGS = YES;
				MTL_ENABLE_DEBUG_INFO = NO;
				MTL_FAST_MATH = YES;
				SDKROOT = iphoneos;
				SWIFT_COMPILATION_MODE = wholemodule;
				VALIDATE_PRODUCT = YES;
			};
			name = Release;
		};
		D1E152592BBA44F200795B7B /* Debug */ = {
			isa = XCBuildConfiguration;
			buildSettings = {
				ASSETCATALOG_COMPILER_APPICON_NAME = AppIcon;
				ASSETCATALOG_COMPILER_GLOBAL_ACCENT_COLOR_NAME = AccentColor;
				CODE_SIGN_STYLE = Automatic;
				CURRENT_PROJECT_VERSION = 1;
				DEVELOPMENT_TEAM = WAGW44Z6JC;
				GENERATE_INFOPLIST_FILE = YES;
				INFOPLIST_FILE = RHMediaSelectionView/Info.plist;
				INFOPLIST_KEY_UIApplicationSupportsIndirectInputEvents = YES;
				INFOPLIST_KEY_UILaunchStoryboardName = LaunchScreen;
				INFOPLIST_KEY_UIMainStoryboardFile = Main;
				INFOPLIST_KEY_UISupportedInterfaceOrientations_iPad = "UIInterfaceOrientationPortrait UIInterfaceOrientationPortraitUpsideDown UIInterfaceOrientationLandscapeLeft UIInterfaceOrientationLandscapeRight";
				INFOPLIST_KEY_UISupportedInterfaceOrientations_iPhone = "UIInterfaceOrientationPortrait UIInterfaceOrientationLandscapeLeft UIInterfaceOrientationLandscapeRight";
				LD_RUNPATH_SEARCH_PATHS = (
					"$(inherited)",
					"@executable_path/Frameworks",
				);
				MARKETING_VERSION = 1.0;
				PRODUCT_BUNDLE_IDENTIFIER = devlab.com.RHMediaSelectionView;
				PRODUCT_NAME = "$(TARGET_NAME)";
				SWIFT_EMIT_LOC_STRINGS = YES;
				SWIFT_VERSION = 5.0;
				TARGETED_DEVICE_FAMILY = "1,2";
			};
			name = Debug;
		};
		D1E1525A2BBA44F200795B7B /* Release */ = {
			isa = XCBuildConfiguration;
			buildSettings = {
				ASSETCATALOG_COMPILER_APPICON_NAME = AppIcon;
				ASSETCATALOG_COMPILER_GLOBAL_ACCENT_COLOR_NAME = AccentColor;
				CODE_SIGN_STYLE = Automatic;
				CURRENT_PROJECT_VERSION = 1;
				DEVELOPMENT_TEAM = WAGW44Z6JC;
				GENERATE_INFOPLIST_FILE = YES;
				INFOPLIST_FILE = RHMediaSelectionView/Info.plist;
				INFOPLIST_KEY_UIApplicationSupportsIndirectInputEvents = YES;
				INFOPLIST_KEY_UILaunchStoryboardName = LaunchScreen;
				INFOPLIST_KEY_UIMainStoryboardFile = Main;
				INFOPLIST_KEY_UISupportedInterfaceOrientations_iPad = "UIInterfaceOrientationPortrait UIInterfaceOrientationPortraitUpsideDown UIInterfaceOrientationLandscapeLeft UIInterfaceOrientationLandscapeRight";
				INFOPLIST_KEY_UISupportedInterfaceOrientations_iPhone = "UIInterfaceOrientationPortrait UIInterfaceOrientationLandscapeLeft UIInterfaceOrientationLandscapeRight";
				LD_RUNPATH_SEARCH_PATHS = (
					"$(inherited)",
					"@executable_path/Frameworks",
				);
				MARKETING_VERSION = 1.0;
				PRODUCT_BUNDLE_IDENTIFIER = devlab.com.RHMediaSelectionView;
				PRODUCT_NAME = "$(TARGET_NAME)";
				SWIFT_EMIT_LOC_STRINGS = YES;
				SWIFT_VERSION = 5.0;
				TARGETED_DEVICE_FAMILY = "1,2";
			};
			name = Release;
		};
		D1E1525C2BBA44F200795B7B /* Debug */ = {
			isa = XCBuildConfiguration;
			buildSettings = {
				ALWAYS_EMBED_SWIFT_STANDARD_LIBRARIES = YES;
				BUNDLE_LOADER = "$(TEST_HOST)";
				CODE_SIGN_STYLE = Automatic;
				CURRENT_PROJECT_VERSION = 1;
				DEVELOPMENT_TEAM = WAGW44Z6JC;
				GENERATE_INFOPLIST_FILE = YES;
				IPHONEOS_DEPLOYMENT_TARGET = 17.2;
				MARKETING_VERSION = 1.0;
				PRODUCT_BUNDLE_IDENTIFIER = devlab.com.RHMediaSelectionViewTests;
				PRODUCT_NAME = "$(TARGET_NAME)";
				SWIFT_EMIT_LOC_STRINGS = NO;
				SWIFT_VERSION = 5.0;
				TARGETED_DEVICE_FAMILY = "1,2";
				TEST_HOST = "$(BUILT_PRODUCTS_DIR)/RHMediaSelectionView.app/$(BUNDLE_EXECUTABLE_FOLDER_PATH)/RHMediaSelectionView";
			};
			name = Debug;
		};
		D1E1525D2BBA44F200795B7B /* Release */ = {
			isa = XCBuildConfiguration;
			buildSettings = {
				ALWAYS_EMBED_SWIFT_STANDARD_LIBRARIES = YES;
				BUNDLE_LOADER = "$(TEST_HOST)";
				CODE_SIGN_STYLE = Automatic;
				CURRENT_PROJECT_VERSION = 1;
				DEVELOPMENT_TEAM = WAGW44Z6JC;
				GENERATE_INFOPLIST_FILE = YES;
				IPHONEOS_DEPLOYMENT_TARGET = 17.2;
				MARKETING_VERSION = 1.0;
				PRODUCT_BUNDLE_IDENTIFIER = devlab.com.RHMediaSelectionViewTests;
				PRODUCT_NAME = "$(TARGET_NAME)";
				SWIFT_EMIT_LOC_STRINGS = NO;
				SWIFT_VERSION = 5.0;
				TARGETED_DEVICE_FAMILY = "1,2";
				TEST_HOST = "$(BUILT_PRODUCTS_DIR)/RHMediaSelectionView.app/$(BUNDLE_EXECUTABLE_FOLDER_PATH)/RHMediaSelectionView";
			};
			name = Release;
		};
		D1E1525F2BBA44F200795B7B /* Debug */ = {
			isa = XCBuildConfiguration;
			buildSettings = {
				ALWAYS_EMBED_SWIFT_STANDARD_LIBRARIES = YES;
				CODE_SIGN_STYLE = Automatic;
				CURRENT_PROJECT_VERSION = 1;
				DEVELOPMENT_TEAM = WAGW44Z6JC;
				GENERATE_INFOPLIST_FILE = YES;
				MARKETING_VERSION = 1.0;
				PRODUCT_BUNDLE_IDENTIFIER = devlab.com.RHMediaSelectionViewUITests;
				PRODUCT_NAME = "$(TARGET_NAME)";
				SWIFT_EMIT_LOC_STRINGS = NO;
				SWIFT_VERSION = 5.0;
				TARGETED_DEVICE_FAMILY = "1,2";
				TEST_TARGET_NAME = RHMediaSelectionView;
			};
			name = Debug;
		};
		D1E152602BBA44F200795B7B /* Release */ = {
			isa = XCBuildConfiguration;
			buildSettings = {
				ALWAYS_EMBED_SWIFT_STANDARD_LIBRARIES = YES;
				CODE_SIGN_STYLE = Automatic;
				CURRENT_PROJECT_VERSION = 1;
				DEVELOPMENT_TEAM = WAGW44Z6JC;
				GENERATE_INFOPLIST_FILE = YES;
				MARKETING_VERSION = 1.0;
				PRODUCT_BUNDLE_IDENTIFIER = devlab.com.RHMediaSelectionViewUITests;
				PRODUCT_NAME = "$(TARGET_NAME)";
				SWIFT_EMIT_LOC_STRINGS = NO;
				SWIFT_VERSION = 5.0;
				TARGETED_DEVICE_FAMILY = "1,2";
				TEST_TARGET_NAME = RHMediaSelectionView;
			};
			name = Release;
		};
/* End XCBuildConfiguration section */

/* Begin XCConfigurationList section */
		D1E152292BBA44F100795B7B /* Build configuration list for PBXProject "RHMediaSelectionView" */ = {
			isa = XCConfigurationList;
			buildConfigurations = (
				D1E152562BBA44F200795B7B /* Debug */,
				D1E152572BBA44F200795B7B /* Release */,
			);
			defaultConfigurationIsVisible = 0;
			defaultConfigurationName = Release;
		};
		D1E152582BBA44F200795B7B /* Build configuration list for PBXNativeTarget "RHMediaSelectionView" */ = {
			isa = XCConfigurationList;
			buildConfigurations = (
				D1E152592BBA44F200795B7B /* Debug */,
				D1E1525A2BBA44F200795B7B /* Release */,
			);
			defaultConfigurationIsVisible = 0;
			defaultConfigurationName = Release;
		};
		D1E1525B2BBA44F200795B7B /* Build configuration list for PBXNativeTarget "RHMediaSelectionViewTests" */ = {
			isa = XCConfigurationList;
			buildConfigurations = (
				D1E1525C2BBA44F200795B7B /* Debug */,
				D1E1525D2BBA44F200795B7B /* Release */,
			);
			defaultConfigurationIsVisible = 0;
			defaultConfigurationName = Release;
		};
		D1E1525E2BBA44F200795B7B /* Build configuration list for PBXNativeTarget "RHMediaSelectionViewUITests" */ = {
			isa = XCConfigurationList;
			buildConfigurations = (
				D1E1525F2BBA44F200795B7B /* Debug */,
				D1E152602BBA44F200795B7B /* Release */,
			);
			defaultConfigurationIsVisible = 0;
			defaultConfigurationName = Release;
		};
/* End XCConfigurationList section */
	};
	rootObject = D1E152262BBA44F100795B7B /* Project object */;
}
